
Microsoft Visual Studio Solution File, Format Version 12.00
# Visual Studio 2013
VisualStudioVersion = 12.0.21005.1
MinimumVisualStudioVersion = 10.0.40219.1
Project("{2150E333-8FDC-42A3-9474-1A3956D46DE8}") = "Libraries", "Libraries", "{695056EE-3E09-4C13-8D1E-438D084872B2}"
EndProject
Project("{FAE04EC0-301F-11D3-BF4B-00C04F79EFBC}") = "Common", "Common\Common.csproj", "{CCC9260D-34FF-4309-9C8B-E353BEE37829}"
EndProject
Project("{FAE04EC0-301F-11D3-BF4B-00C04F79EFBC}") = "Core", "Core\Core.csproj", "{F4DFF124-EEA6-4E67-91FE-FCE81252C6B2}"
EndProject
Project("{FAE04EC0-301F-11D3-BF4B-00C04F79EFBC}") = "Data", "Data\Data.csproj", "{71A89018-CAE3-440C-990A-19CA6132E91D}"
EndProject
Global
	GlobalSection(SolutionConfigurationPlatforms) = preSolution
		Debug|Any CPU = Debug|Any CPU
		Release|Any CPU = Release|Any CPU
	EndGlobalSection
	GlobalSection(ProjectConfigurationPlatforms) = postSolution
		{CCC9260D-34FF-4309-9C8B-E353BEE37829}.Debug|Any CPU.ActiveCfg = Debug|Any CPU
		{CCC9260D-34FF-4309-9C8B-E353BEE37829}.Debug|Any CPU.Build.0 = Debug|Any CPU
		{CCC9260D-34FF-4309-9C8B-E353BEE37829}.Release|Any CPU.ActiveCfg = Release|Any CPU
		{CCC9260D-34FF-4309-9C8B-E353BEE37829}.Release|Any CPU.Build.0 = Release|Any CPU
		{F4DFF124-EEA6-4E67-91FE-FCE81252C6B2}.Debug|Any CPU.ActiveCfg = Debug|Any CPU
		{F4DFF124-EEA6-4E67-91FE-FCE81252C6B2}.Debug|Any CPU.Build.0 = Debug|Any CPU
		{F4DFF124-EEA6-4E67-91FE-FCE81252C6B2}.Release|Any CPU.ActiveCfg = Release|Any CPU
		{F4DFF124-EEA6-4E67-91FE-FCE81252C6B2}.Release|Any CPU.Build.0 = Release|Any CPU
		{71A89018-CAE3-440C-990A-19CA6132E91D}.Debug|Any CPU.ActiveCfg = Debug|Any CPU
		{71A89018-CAE3-440C-990A-19CA6132E91D}.Debug|Any CPU.Build.0 = Debug|Any CPU
		{71A89018-CAE3-440C-990A-19CA6132E91D}.Release|Any CPU.ActiveCfg = Release|Any CPU
		{71A89018-CAE3-440C-990A-19CA6132E91D}.Release|Any CPU.Build.0 = Release|Any CPU
	EndGlobalSection
	GlobalSection(SolutionProperties) = preSolution
		HideSolutionNode = FALSE
	EndGlobalSection
	GlobalSection(NestedProjects) = preSolution
		{CCC9260D-34FF-4309-9C8B-E353BEE37829} = {695056EE-3E09-4C13-8D1E-438D084872B2}
		{F4DFF124-EEA6-4E67-91FE-FCE81252C6B2} = {695056EE-3E09-4C13-8D1E-438D084872B2}
		{71A89018-CAE3-440C-990A-19CA6132E91D} = {695056EE-3E09-4C13-8D1E-438D084872B2}
	EndGlobalSection
EndGlobal
